
Microsoft Visual Studio Solution File, Format Version 12.00
# Visual Studio Version 16
VisualStudioVersion = 16.0.30011.22
MinimumVisualStudioVersion = 10.0.40219.1
Project("{9A19103F-16F7-4668-BE54-9A1E7A4F7556}") = "TypefaceUtil", "src\TypefaceUtil\TypefaceUtil.csproj", "{35DC5579-5E51-458F-BFFC-65133AE83F50}"
EndProject
Project("{9A19103F-16F7-4668-BE54-9A1E7A4F7556}") = "TypefaceUtil.OpenType", "src\TypefaceUtil.OpenType\TypefaceUtil.OpenType.csproj", "{A97DD9DD-60D0-4D3C-847E-BAF7322BDBAE}"
EndProject
Global
	GlobalSection(SolutionConfigurationPlatforms) = preSolution
		Debug|Any CPU = Debug|Any CPU
		Release|Any CPU = Release|Any CPU
	EndGlobalSection
	GlobalSection(ProjectConfigurationPlatforms) = postSolution
		{35DC5579-5E51-458F-BFFC-65133AE83F50}.Debug|Any CPU.ActiveCfg = Debug|Any CPU
		{35DC5579-5E51-458F-BFFC-65133AE83F50}.Debug|Any CPU.Build.0 = Debug|Any CPU
		{35DC5579-5E51-458F-BFFC-65133AE83F50}.Release|Any CPU.ActiveCfg = Release|Any CPU
		{35DC5579-5E51-458F-BFFC-65133AE83F50}.Release|Any CPU.Build.0 = Release|Any CPU
		{A97DD9DD-60D0-4D3C-847E-BAF7322BDBAE}.Debug|Any CPU.ActiveCfg = Debug|Any CPU
		{A97DD9DD-60D0-4D3C-847E-BAF7322BDBAE}.Debug|Any CPU.Build.0 = Debug|Any CPU
		{A97DD9DD-60D0-4D3C-847E-BAF7322BDBAE}.Release|Any CPU.ActiveCfg = Release|Any CPU
		{A97DD9DD-60D0-4D3C-847E-BAF7322BDBAE}.Release|Any CPU.Build.0 = Release|Any CPU
	EndGlobalSection
	GlobalSection(SolutionProperties) = preSolution
		HideSolutionNode = FALSE
	EndGlobalSection
	GlobalSection(ExtensibilityGlobals) = postSolution
		SolutionGuid = {3D7D93DB-65A8-4680-ADDD-EE67EEC2C975}
	EndGlobalSection
EndGlobal
